
Microsoft Visual Studio Solution File, Format Version 12.00
# Visual Studio Version 17
VisualStudioVersion = 17.10.35027.167
MinimumVisualStudioVersion = 10.0.40219.1
Project("{FAE04EC0-301F-11D3-BF4B-00C04F79EFBC}") = "Lab_2", "Lab_2_Group_B\Lab_2.csproj", "{72B6F5F2-D768-49C9-ADE6-9DCE56FDB980}"
EndProject
Global
	GlobalSection(SolutionConfigurationPlatforms) = preSolution
		Debug|Any CPU = Debug|Any CPU
		Release|Any CPU = Release|Any CPU
	EndGlobalSection
	GlobalSection(ProjectConfigurationPlatforms) = postSolution
		{72B6F5F2-D768-49C9-ADE6-9DCE56FDB980}.Debug|Any CPU.ActiveCfg = Debug|Any CPU
		{72B6F5F2-D768-49C9-ADE6-9DCE56FDB980}.Debug|Any CPU.Build.0 = Debug|Any CPU
		{72B6F5F2-D768-49C9-ADE6-9DCE56FDB980}.Release|Any CPU.ActiveCfg = Release|Any CPU
		{72B6F5F2-D768-49C9-ADE6-9DCE56FDB980}.Release|Any CPU.Build.0 = Release|Any CPU
	EndGlobalSection
	GlobalSection(SolutionProperties) = preSolution
		HideSolutionNode = FALSE
	EndGlobalSection
	GlobalSection(ExtensibilityGlobals) = postSolution
		SolutionGuid = {33073DE9-0A67-4E8E-A4E4-AC6495B80FEF}
	EndGlobalSection
EndGlobal
