
Microsoft Visual Studio Solution File, Format Version 12.00
# Visual Studio Version 17
VisualStudioVersion = 17.10.35027.167
MinimumVisualStudioVersion = 10.0.40219.1
Project("{FAE04EC0-301F-11D3-BF4B-00C04F79EFBC}") = "Lab_1_Group_B", "Lab_1_Group_B\Lab_1_Group_B.csproj", "{AF009335-552B-4A28-B5B6-7806FA274CBC}"
EndProject
Global
	GlobalSection(SolutionConfigurationPlatforms) = preSolution
		Debug|Any CPU = Debug|Any CPU
		Release|Any CPU = Release|Any CPU
	EndGlobalSection
	GlobalSection(ProjectConfigurationPlatforms) = postSolution
		{AF009335-552B-4A28-B5B6-7806FA274CBC}.Debug|Any CPU.ActiveCfg = Debug|Any CPU
		{AF009335-552B-4A28-B5B6-7806FA274CBC}.Debug|Any CPU.Build.0 = Debug|Any CPU
		{AF009335-552B-4A28-B5B6-7806FA274CBC}.Release|Any CPU.ActiveCfg = Release|Any CPU
		{AF009335-552B-4A28-B5B6-7806FA274CBC}.Release|Any CPU.Build.0 = Release|Any CPU
	EndGlobalSection
	GlobalSection(SolutionProperties) = preSolution
		HideSolutionNode = FALSE
	EndGlobalSection
	GlobalSection(ExtensibilityGlobals) = postSolution
		SolutionGuid = {10086F0D-FA24-4FC9-BDD4-604F7592D945}
	EndGlobalSection
EndGlobal
